// !$*UTF8*$!
{
	archiveVersion = 1;
	classes = {
	};
	objectVersion = 46;
	objects = {

/* Begin PBXBuildFile section */
		034132681299AC5FCA17CBFE /* TemplateApp/TemplateApp/Config/ManifestLoader.swift in Sources */ = {isa = PBXBuildFile; fileRef = 363C55149111C0291EDFB925 /* TemplateApp/TemplateApp/Config/ManifestLoader.swift */; };
		0F38BA96FB0EFDE6D5FBA2B1 /* TemplateApp/TemplateApp/Sidebar/RootContainerView.swift in Sources */ = {isa = PBXBuildFile; fileRef = 685E748F2A5FC1AC1B2FEF17 /* TemplateApp/TemplateApp/Sidebar/RootContainerView.swift */; };
		1759A9C4B6A5EE14A9E05EC4 /* TemplateApp/TemplateApp/Auth/AuthSession.swift in Sources */ = {isa = PBXBuildFile; fileRef = 67C65F1A3508B7359F613776 /* TemplateApp/TemplateApp/Auth/AuthSession.swift */; };
		1D57D2120C51175D1652099A /* TemplateApp/TemplateApp/Assets.xcassets in Resources */ = {isa = PBXBuildFile; fileRef = CA89647F4B3F91E82F33C579 /* TemplateApp/TemplateApp/Assets.xcassets */; };
		2622B0B5534C9EBFB537EEB2 /* TemplateApp/TemplateApp/ContentView.swift in Sources */ = {isa = PBXBuildFile; fileRef = 7B3ADF26DF39AE9926B84D94 /* TemplateApp/TemplateApp/ContentView.swift */; };
		3CD6F8DD549C93EECBBA0E80 /* TemplateApp/TemplateApp/Config/Color+Hex.swift in Sources */ = {isa = PBXBuildFile; fileRef = 126E3B8D33EB0D0135433DB3 /* TemplateApp/TemplateApp/Config/Color+Hex.swift */; };
		3D7EDC981CCCDE9B62F15161 /* TemplateApp/TemplateApp/Auth/AuthSessionStorage.swift in Sources */ = {isa = PBXBuildFile; fileRef = B7E4E88745F90D82ED9EC3BF /* TemplateApp/TemplateApp/Auth/AuthSessionStorage.swift */; };
		3EA33D7DA177A174F8A1128F /* TemplateApp/TemplateApp/Auth/AccountView.swift in Sources */ = {isa = PBXBuildFile; fileRef = 03974C7A757CAF825D1A3591 /* TemplateApp/TemplateApp/Auth/AccountView.swift */; };
		41680142816EB6C322B257C3 /* TemplateApp/TemplateApp/TemplateAppApp.swift in Sources */ = {isa = PBXBuildFile; fileRef = 02E537E1094BD02DDF45000D /* TemplateApp/TemplateApp/TemplateAppApp.swift */; };
		41F985E14FC730DC1E53F6E2 /* TemplateApp/TemplateApp/Config/AppManifest.swift in Sources */ = {isa = PBXBuildFile; fileRef = A9AE70EB3F2E381D2E91D114 /* TemplateApp/TemplateApp/Config/AppManifest.swift */; };
		48DDCEA45755167CA1B52064 /* TemplateApp/TemplateApp/Sidebar/SidebarView.swift in Sources */ = {isa = PBXBuildFile; fileRef = 3A15AB70F82E99F3A73EB37C /* TemplateApp/TemplateApp/Sidebar/SidebarView.swift */; };
		569ED0FD8D6274434A6846E6 /* TemplateApp/TemplateApp/Config/app.json in Resources */ = {isa = PBXBuildFile; fileRef = A796F981F3585F52B444C058 /* TemplateApp/TemplateApp/Config/app.json */; };
		791D3544303947A1759761AA /* TemplateApp/TemplateApp/Sidebar/SidebarItem.swift in Sources */ = {isa = PBXBuildFile; fileRef = EE7151C269608413F8B82FDE /* TemplateApp/TemplateApp/Sidebar/SidebarItem.swift */; };
		7C37898B7412D1410859DC1D /* TemplateApp/TemplateApp/Auth/LoginView.swift in Sources */ = {isa = PBXBuildFile; fileRef = 3E095E0D88F0134C28591699 /* TemplateApp/TemplateApp/Auth/LoginView.swift */; };
		A04E46ADF819032E8CF6DF23 /* TemplateApp/TemplateApp/Preview Content/Preview Assets.xcassets in Resources */ = {isa = PBXBuildFile; fileRef = D1FE27070836565CF8CA8BDC /* TemplateApp/TemplateApp/Preview Content/Preview Assets.xcassets */; };
		A85A1E4CBB27DBF69085C98A /* TemplateApp/TemplateApp/API/APIClient.swift in Sources */ = {isa = PBXBuildFile; fileRef = 2CFE28A289652F1545AE6633 /* TemplateApp/TemplateApp/API/APIClient.swift */; };
		AC8A4D141A46E0D469433768 /* Foundation.framework in Frameworks */ = {isa = PBXBuildFile; fileRef = FB61B059D628655E37F99630 /* Foundation.framework */; };
		C369AA4D35F735F8310D4DEB /* TemplateApp/TemplateApp/API/UserProfileService.swift in Sources */ = {isa = PBXBuildFile; fileRef = 0813FBA11351931250DFD68A /* TemplateApp/TemplateApp/API/UserProfileService.swift */; };
		C7F7F9F0D876E18CACA845AD /* TemplateApp/TemplateApp/Auth/HostedUILoginController.swift in Sources */ = {isa = PBXBuildFile; fileRef = 4F04DA30F94453ED101E601A /* TemplateApp/TemplateApp/Auth/HostedUILoginController.swift */; };
		DCA73856352A75E9F05341AE /* AuthenticationServices.framework in Frameworks */ = {isa = PBXBuildFile; fileRef = 5865B03CD2EF22FC262538B6 /* AuthenticationServices.framework */; };
		F3666C379D574224416FD3F7 /* Localizable.strings in Resources */ = {isa = PBXBuildFile; fileRef = 5F0AD0A9D39CBE8923A82E65 /* Localizable.strings */; };
/* End PBXBuildFile section */

/* Begin PBXFileReference section */
		02E537E1094BD02DDF45000D /* TemplateApp/TemplateApp/TemplateAppApp.swift */ = {isa = PBXFileReference; includeInIndex = 1; lastKnownFileType = sourcecode.swift; path = TemplateApp/TemplateApp/TemplateAppApp.swift; sourceTree = SOURCE_ROOT; };
		03974C7A757CAF825D1A3591 /* TemplateApp/TemplateApp/Auth/AccountView.swift */ = {isa = PBXFileReference; includeInIndex = 1; lastKnownFileType = sourcecode.swift; path = TemplateApp/TemplateApp/Auth/AccountView.swift; sourceTree = SOURCE_ROOT; };
		0813FBA11351931250DFD68A /* TemplateApp/TemplateApp/API/UserProfileService.swift */ = {isa = PBXFileReference; includeInIndex = 1; lastKnownFileType = sourcecode.swift; path = TemplateApp/TemplateApp/API/UserProfileService.swift; sourceTree = SOURCE_ROOT; };
		0B71DE6B2EBDDEA2001C9DDA /* TemplateApp.entitlements */ = {isa = PBXFileReference; lastKnownFileType = text.plist.entitlements; name = TemplateApp.entitlements; path = TemplateApp/TemplateApp.entitlements; sourceTree = "<group>"; };
		11E1EACCD2E73DC90AEF8109 /* TemplateApp/TemplateApp/Info.plist */ = {isa = PBXFileReference; includeInIndex = 1; lastKnownFileType = text.plist.xml; path = TemplateApp/TemplateApp/Info.plist; sourceTree = SOURCE_ROOT; };
		126E3B8D33EB0D0135433DB3 /* TemplateApp/TemplateApp/Config/Color+Hex.swift */ = {isa = PBXFileReference; includeInIndex = 1; lastKnownFileType = sourcecode.swift; path = "TemplateApp/TemplateApp/Config/Color+Hex.swift"; sourceTree = SOURCE_ROOT; };
		2CFE28A289652F1545AE6633 /* TemplateApp/TemplateApp/API/APIClient.swift */ = {isa = PBXFileReference; includeInIndex = 1; lastKnownFileType = sourcecode.swift; path = TemplateApp/TemplateApp/API/APIClient.swift; sourceTree = SOURCE_ROOT; };
		363C55149111C0291EDFB925 /* TemplateApp/TemplateApp/Config/ManifestLoader.swift */ = {isa = PBXFileReference; includeInIndex = 1; lastKnownFileType = sourcecode.swift; path = TemplateApp/TemplateApp/Config/ManifestLoader.swift; sourceTree = SOURCE_ROOT; };
		3A15AB70F82E99F3A73EB37C /* TemplateApp/TemplateApp/Sidebar/SidebarView.swift */ = {isa = PBXFileReference; includeInIndex = 1; lastKnownFileType = sourcecode.swift; path = TemplateApp/TemplateApp/Sidebar/SidebarView.swift; sourceTree = SOURCE_ROOT; };
		3E095E0D88F0134C28591699 /* TemplateApp/TemplateApp/Auth/LoginView.swift */ = {isa = PBXFileReference; includeInIndex = 1; lastKnownFileType = sourcecode.swift; path = TemplateApp/TemplateApp/Auth/LoginView.swift; sourceTree = SOURCE_ROOT; };
		4F04DA30F94453ED101E601A /* TemplateApp/TemplateApp/Auth/HostedUILoginController.swift */ = {isa = PBXFileReference; includeInIndex = 1; lastKnownFileType = sourcecode.swift; path = TemplateApp/TemplateApp/Auth/HostedUILoginController.swift; sourceTree = SOURCE_ROOT; };
		5865B03CD2EF22FC262538B6 /* AuthenticationServices.framework */ = {isa = PBXFileReference; lastKnownFileType = wrapper.framework; name = AuthenticationServices.framework; path = System/Library/Frameworks/AuthenticationServices.framework; sourceTree = "<group>"; };
		5F0AD0A9D39CBE8923A82E65 /* Localizable.strings */ = {isa = PBXFileReference; includeInIndex = 1; lastKnownFileType = text.plist.strings; name = Localizable.strings; path = TemplateApp/TemplateApp/Localization/Base.lproj/Localizable.strings; sourceTree = SOURCE_ROOT; };
		67C65F1A3508B7359F613776 /* TemplateApp/TemplateApp/Auth/AuthSession.swift */ = {isa = PBXFileReference; includeInIndex = 1; lastKnownFileType = sourcecode.swift; path = TemplateApp/TemplateApp/Auth/AuthSession.swift; sourceTree = SOURCE_ROOT; };
		685E748F2A5FC1AC1B2FEF17 /* TemplateApp/TemplateApp/Sidebar/RootContainerView.swift */ = {isa = PBXFileReference; includeInIndex = 1; lastKnownFileType = sourcecode.swift; path = TemplateApp/TemplateApp/Sidebar/RootContainerView.swift; sourceTree = SOURCE_ROOT; };
		7B3ADF26DF39AE9926B84D94 /* TemplateApp/TemplateApp/ContentView.swift */ = {isa = PBXFileReference; includeInIndex = 1; lastKnownFileType = sourcecode.swift; path = TemplateApp/TemplateApp/ContentView.swift; sourceTree = SOURCE_ROOT; };
		A796F981F3585F52B444C058 /* TemplateApp/TemplateApp/Config/app.json */ = {isa = PBXFileReference; includeInIndex = 1; lastKnownFileType = text.json; path = TemplateApp/TemplateApp/Config/app.json; sourceTree = SOURCE_ROOT; };
		A9AE70EB3F2E381D2E91D114 /* TemplateApp/TemplateApp/Config/AppManifest.swift */ = {isa = PBXFileReference; includeInIndex = 1; lastKnownFileType = sourcecode.swift; path = TemplateApp/TemplateApp/Config/AppManifest.swift; sourceTree = SOURCE_ROOT; };
		B7E4E88745F90D82ED9EC3BF /* TemplateApp/TemplateApp/Auth/AuthSessionStorage.swift */ = {isa = PBXFileReference; includeInIndex = 1; lastKnownFileType = sourcecode.swift; path = TemplateApp/TemplateApp/Auth/AuthSessionStorage.swift; sourceTree = SOURCE_ROOT; };
		BE3B2DAA5F380B91D52AE54E /* TemplateApp.app */ = {isa = PBXFileReference; explicitFileType = wrapper.application; includeInIndex = 0; path = TemplateApp.app; sourceTree = BUILT_PRODUCTS_DIR; };
		CA89647F4B3F91E82F33C579 /* TemplateApp/TemplateApp/Assets.xcassets */ = {isa = PBXFileReference; includeInIndex = 1; lastKnownFileType = folder.assetcatalog; path = TemplateApp/TemplateApp/Assets.xcassets; sourceTree = SOURCE_ROOT; };
		D1FE27070836565CF8CA8BDC /* TemplateApp/TemplateApp/Preview Content/Preview Assets.xcassets */ = {isa = PBXFileReference; includeInIndex = 1; lastKnownFileType = folder.assetcatalog; path = "TemplateApp/TemplateApp/Preview Content/Preview Assets.xcassets"; sourceTree = SOURCE_ROOT; };
		EE7151C269608413F8B82FDE /* TemplateApp/TemplateApp/Sidebar/SidebarItem.swift */ = {isa = PBXFileReference; includeInIndex = 1; lastKnownFileType = sourcecode.swift; path = TemplateApp/TemplateApp/Sidebar/SidebarItem.swift; sourceTree = SOURCE_ROOT; };
		FB61B059D628655E37F99630 /* Foundation.framework */ = {isa = PBXFileReference; lastKnownFileType = wrapper.framework; name = Foundation.framework; path = Platforms/iPhoneOS.platform/Developer/SDKs/iPhoneOS18.0.sdk/System/Library/Frameworks/Foundation.framework; sourceTree = DEVELOPER_DIR; };
/* End PBXFileReference section */

/* Begin PBXFrameworksBuildPhase section */
		FCC45FBE4EEC9B78D040BCF5 /* Frameworks */ = {
			isa = PBXFrameworksBuildPhase;
			buildActionMask = 2147483647;
			files = (
				AC8A4D141A46E0D469433768 /* Foundation.framework in Frameworks */,
				DCA73856352A75E9F05341AE /* AuthenticationServices.framework in Frameworks */,
			);
			runOnlyForDeploymentPostprocessing = 0;
		};
/* End PBXFrameworksBuildPhase section */

/* Begin PBXGroup section */
		0006FD1BE9B8A19ADC95F664 /* Config */ = {
			isa = PBXGroup;
			children = (
				A9AE70EB3F2E381D2E91D114 /* TemplateApp/TemplateApp/Config/AppManifest.swift */,
				363C55149111C0291EDFB925 /* TemplateApp/TemplateApp/Config/ManifestLoader.swift */,
				126E3B8D33EB0D0135433DB3 /* TemplateApp/TemplateApp/Config/Color+Hex.swift */,
				A796F981F3585F52B444C058 /* TemplateApp/TemplateApp/Config/app.json */,
			);
			name = Config;
			sourceTree = "<group>";
		};
		1A308903E44B2BEBDC2CBC55 /* TemplateApp */ = {
			isa = PBXGroup;
			children = (
				0B71DE6B2EBDDEA2001C9DDA /* TemplateApp.entitlements */,
				0006FD1BE9B8A19ADC95F664 /* Config */,
				619B0151423CE80F13DA3124 /* Auth */,
				F771BF3ACE5D5A0E1FBDEAB8 /* API */,
				56FC641C71A3F42505445558 /* Sidebar */,
				02E537E1094BD02DDF45000D /* TemplateApp/TemplateApp/TemplateAppApp.swift */,
				7B3ADF26DF39AE9926B84D94 /* TemplateApp/TemplateApp/ContentView.swift */,
				CA89647F4B3F91E82F33C579 /* TemplateApp/TemplateApp/Assets.xcassets */,
				11E1EACCD2E73DC90AEF8109 /* TemplateApp/TemplateApp/Info.plist */,
				5F0AD0A9D39CBE8923A82E65 /* Localizable.strings */,
			);
			name = TemplateApp;
			sourceTree = "<group>";
		};
		39B2F022E9F99809785953A0 /* Preview Content */ = {
			isa = PBXGroup;
			children = (
				D1FE27070836565CF8CA8BDC /* TemplateApp/TemplateApp/Preview Content/Preview Assets.xcassets */,
			);
			name = "Preview Content";
			sourceTree = "<group>";
		};
		56FC641C71A3F42505445558 /* Sidebar */ = {
			isa = PBXGroup;
			children = (
				685E748F2A5FC1AC1B2FEF17 /* TemplateApp/TemplateApp/Sidebar/RootContainerView.swift */,
				EE7151C269608413F8B82FDE /* TemplateApp/TemplateApp/Sidebar/SidebarItem.swift */,
				3A15AB70F82E99F3A73EB37C /* TemplateApp/TemplateApp/Sidebar/SidebarView.swift */,
			);
			name = Sidebar;
			sourceTree = "<group>";
		};
		619B0151423CE80F13DA3124 /* Auth */ = {
			isa = PBXGroup;
			children = (
				3E095E0D88F0134C28591699 /* TemplateApp/TemplateApp/Auth/LoginView.swift */,
				67C65F1A3508B7359F613776 /* TemplateApp/TemplateApp/Auth/AuthSession.swift */,
				B7E4E88745F90D82ED9EC3BF /* TemplateApp/TemplateApp/Auth/AuthSessionStorage.swift */,
				03974C7A757CAF825D1A3591 /* TemplateApp/TemplateApp/Auth/AccountView.swift */,
				4F04DA30F94453ED101E601A /* TemplateApp/TemplateApp/Auth/HostedUILoginController.swift */,
			);
			name = Auth;
			sourceTree = "<group>";
		};
		82059CBCE473353E59C3704D /* iOS */ = {
			isa = PBXGroup;
			children = (
				FB61B059D628655E37F99630 /* Foundation.framework */,
			);
			name = iOS;
			sourceTree = "<group>";
		};
		C89EB573190C235133D1BF2A = {
			isa = PBXGroup;
			children = (
				E4BD5038AE724A870F6DC8F2 /* Products */,
				F0E37FCF171F5D5BE33AED47 /* Frameworks */,
				1A308903E44B2BEBDC2CBC55 /* TemplateApp */,
				39B2F022E9F99809785953A0 /* Preview Content */,
			);
			sourceTree = "<group>";
		};
		E4BD5038AE724A870F6DC8F2 /* Products */ = {
			isa = PBXGroup;
			children = (
				BE3B2DAA5F380B91D52AE54E /* TemplateApp.app */,
			);
			name = Products;
			sourceTree = "<group>";
		};
		F0E37FCF171F5D5BE33AED47 /* Frameworks */ = {
			isa = PBXGroup;
			children = (
				82059CBCE473353E59C3704D /* iOS */,
				5865B03CD2EF22FC262538B6 /* AuthenticationServices.framework */,
			);
			name = Frameworks;
			sourceTree = "<group>";
		};
		F771BF3ACE5D5A0E1FBDEAB8 /* API */ = {
			isa = PBXGroup;
			children = (
				2CFE28A289652F1545AE6633 /* TemplateApp/TemplateApp/API/APIClient.swift */,
				0813FBA11351931250DFD68A /* TemplateApp/TemplateApp/API/UserProfileService.swift */,
			);
			name = API;
			sourceTree = "<group>";
		};
/* End PBXGroup section */

/* Begin PBXNativeTarget section */
		22C30BBF32A99287C15A8129 /* TemplateApp */ = {
			isa = PBXNativeTarget;
			buildConfigurationList = 94B4742ADEE860BD7F754C15 /* Build configuration list for PBXNativeTarget "TemplateApp" */;
			buildPhases = (
				AD558D11A200D50E5EFF11FF /* Sources */,
				FCC45FBE4EEC9B78D040BCF5 /* Frameworks */,
				EB94C8C50A8DDA255B5A20D8 /* Resources */,
			);
			buildRules = (
			);
			dependencies = (
			);
			name = TemplateApp;
			productName = TemplateApp;
			productReference = BE3B2DAA5F380B91D52AE54E /* TemplateApp.app */;
			productType = "com.apple.product-type.application";
		};
/* End PBXNativeTarget section */

/* Begin PBXProject section */
		28951A5023B4BCB7F542A624 /* Project object */ = {
			isa = PBXProject;
			attributes = {
				LastSwiftUpdateCheck = 1600;
				LastUpgradeCheck = 1500;
				TargetAttributes = {
					22C30BBF32A99287C15A8129 = {
						DevelopmentTeam = MH94CAVYWW;
						ProvisioningStyle = Automatic;
					};
				};
			};
			buildConfigurationList = 79B169EC4AD86DF483BA8457 /* Build configuration list for PBXProject "TemplateApp" */;
			compatibilityVersion = "Xcode 3.2";
			developmentRegion = en;
			hasScannedForEncodings = 0;
			knownRegions = (
				en,
				Base,
			);
			mainGroup = C89EB573190C235133D1BF2A;
			productRefGroup = E4BD5038AE724A870F6DC8F2 /* Products */;
			projectDirPath = "";
			projectRoot = "";
			targets = (
				22C30BBF32A99287C15A8129 /* TemplateApp */,
			);
		};
/* End PBXProject section */

/* Begin PBXResourcesBuildPhase section */
		EB94C8C50A8DDA255B5A20D8 /* Resources */ = {
			isa = PBXResourcesBuildPhase;
			buildActionMask = 2147483647;
			files = (
				569ED0FD8D6274434A6846E6 /* TemplateApp/TemplateApp/Config/app.json in Resources */,
				1D57D2120C51175D1652099A /* TemplateApp/TemplateApp/Assets.xcassets in Resources */,
				F3666C379D574224416FD3F7 /* Localizable.strings in Resources */,
				A04E46ADF819032E8CF6DF23 /* TemplateApp/TemplateApp/Preview Content/Preview Assets.xcassets in Resources */,
			);
			runOnlyForDeploymentPostprocessing = 0;
		};
/* End PBXResourcesBuildPhase section */

/* Begin PBXSourcesBuildPhase section */
		AD558D11A200D50E5EFF11FF /* Sources */ = {
			isa = PBXSourcesBuildPhase;
			buildActionMask = 2147483647;
			files = (
				41680142816EB6C322B257C3 /* TemplateApp/TemplateApp/TemplateAppApp.swift in Sources */,
				2622B0B5534C9EBFB537EEB2 /* TemplateApp/TemplateApp/ContentView.swift in Sources */,
				41F985E14FC730DC1E53F6E2 /* TemplateApp/TemplateApp/Config/AppManifest.swift in Sources */,
				034132681299AC5FCA17CBFE /* TemplateApp/TemplateApp/Config/ManifestLoader.swift in Sources */,
				3CD6F8DD549C93EECBBA0E80 /* TemplateApp/TemplateApp/Config/Color+Hex.swift in Sources */,
				7C37898B7412D1410859DC1D /* TemplateApp/TemplateApp/Auth/LoginView.swift in Sources */,
				1759A9C4B6A5EE14A9E05EC4 /* TemplateApp/TemplateApp/Auth/AuthSession.swift in Sources */,
				3D7EDC981CCCDE9B62F15161 /* TemplateApp/TemplateApp/Auth/AuthSessionStorage.swift in Sources */,
				3EA33D7DA177A174F8A1128F /* TemplateApp/TemplateApp/Auth/AccountView.swift in Sources */,
				C7F7F9F0D876E18CACA845AD /* TemplateApp/TemplateApp/Auth/HostedUILoginController.swift in Sources */,
				A85A1E4CBB27DBF69085C98A /* TemplateApp/TemplateApp/API/APIClient.swift in Sources */,
				C369AA4D35F735F8310D4DEB /* TemplateApp/TemplateApp/API/UserProfileService.swift in Sources */,
				0F38BA96FB0EFDE6D5FBA2B1 /* TemplateApp/TemplateApp/Sidebar/RootContainerView.swift in Sources */,
				791D3544303947A1759761AA /* TemplateApp/TemplateApp/Sidebar/SidebarItem.swift in Sources */,
				48DDCEA45755167CA1B52064 /* TemplateApp/TemplateApp/Sidebar/SidebarView.swift in Sources */,
			);
			runOnlyForDeploymentPostprocessing = 0;
		};
/* End PBXSourcesBuildPhase section */

/* Begin XCBuildConfiguration section */
		5C475566B1273A519E23762B /* Release */ = {
			isa = XCBuildConfiguration;
			buildSettings = {
				ASSETCATALOG_COMPILER_APPICON_NAME = AppIcon;
				ASSETCATALOG_COMPILER_GLOBAL_ACCENT_COLOR_NAME = AccentColor;
				CLANG_ENABLE_OBJC_WEAK = NO;
				CODE_SIGN_ENTITLEMENTS = TemplateApp/TemplateApp.entitlements;
				CODE_SIGN_STYLE = Automatic;
				DEVELOPMENT_TEAM = MH94CAVYWW;
				INFOPLIST_FILE = TemplateApp/TemplateApp/Info.plist;
				IPHONEOS_DEPLOYMENT_TARGET = 17.0;
				LD_RUNPATH_SEARCH_PATHS = "$(inherited) @executable_path/Frameworks";
				PRODUCT_BUNDLE_IDENTIFIER = com.learnandbecurious.template;
				SDKROOT = iphoneos;
				SWIFT_VERSION = 5.9;
				TARGETED_DEVICE_FAMILY = "1,2";
				VALIDATE_PRODUCT = YES;
			};
			name = Release;
		};
		6A0E16C5535113A543AC4250 /* Debug */ = {
			isa = XCBuildConfiguration;
			buildSettings = {
				ALWAYS_SEARCH_USER_PATHS = NO;
				CLANG_ANALYZER_NONNULL = YES;
				CLANG_ANALYZER_NUMBER_OBJECT_CONVERSION = YES_AGGRESSIVE;
				CLANG_CXX_LANGUAGE_STANDARD = "gnu++14";
				CLANG_CXX_LIBRARY = "libc++";
				CLANG_ENABLE_MODULES = YES;
				CLANG_ENABLE_OBJC_ARC = YES;
				CLANG_ENABLE_OBJC_WEAK = YES;
				CLANG_WARN_BLOCK_CAPTURE_AUTORELEASING = YES;
				CLANG_WARN_BOOL_CONVERSION = YES;
				CLANG_WARN_COMMA = YES;
				CLANG_WARN_CONSTANT_CONVERSION = YES;
				CLANG_WARN_DEPRECATED_OBJC_IMPLEMENTATIONS = YES;
				CLANG_WARN_DIRECT_OBJC_ISA_USAGE = YES_ERROR;
				CLANG_WARN_DOCUMENTATION_COMMENTS = YES;
				CLANG_WARN_EMPTY_BODY = YES;
				CLANG_WARN_ENUM_CONVERSION = YES;
				CLANG_WARN_INFINITE_RECURSION = YES;
				CLANG_WARN_INT_CONVERSION = YES;
				CLANG_WARN_NON_LITERAL_NULL_CONVERSION = YES;
				CLANG_WARN_OBJC_IMPLICIT_RETAIN_SELF = YES;
				CLANG_WARN_OBJC_LITERAL_CONVERSION = YES;
				CLANG_WARN_OBJC_ROOT_CLASS = YES_ERROR;
				CLANG_WARN_QUOTED_INCLUDE_IN_FRAMEWORK_HEADER = YES;
				CLANG_WARN_RANGE_LOOP_ANALYSIS = YES;
				CLANG_WARN_STRICT_PROTOTYPES = YES;
				CLANG_WARN_SUSPICIOUS_MOVE = YES;
				CLANG_WARN_UNGUARDED_AVAILABILITY = YES_AGGRESSIVE;
				CLANG_WARN_UNREACHABLE_CODE = YES;
				CLANG_WARN__DUPLICATE_METHOD_MATCH = YES;
				COPY_PHASE_STRIP = NO;
				DEBUG_INFORMATION_FORMAT = dwarf;
				ENABLE_STRICT_OBJC_MSGSEND = YES;
				ENABLE_TESTABILITY = YES;
				GCC_C_LANGUAGE_STANDARD = gnu11;
				GCC_DYNAMIC_NO_PIC = NO;
				GCC_NO_COMMON_BLOCKS = YES;
				GCC_OPTIMIZATION_LEVEL = 0;
				GCC_PREPROCESSOR_DEFINITIONS = (
					"DEBUG=1",
					"$(inherited)",
				);
				GCC_WARN_64_TO_32_BIT_CONVERSION = YES;
				GCC_WARN_ABOUT_RETURN_TYPE = YES_ERROR;
				GCC_WARN_UNDECLARED_SELECTOR = YES;
				GCC_WARN_UNINITIALIZED_AUTOS = YES_AGGRESSIVE;
				GCC_WARN_UNUSED_FUNCTION = YES;
				GCC_WARN_UNUSED_VARIABLE = YES;
				MTL_ENABLE_DEBUG_INFO = INCLUDE_SOURCE;
				MTL_FAST_MATH = YES;
				ONLY_ACTIVE_ARCH = YES;
				PRODUCT_NAME = "$(TARGET_NAME)";
				SWIFT_ACTIVE_COMPILATION_CONDITIONS = DEBUG;
				SWIFT_OPTIMIZATION_LEVEL = "-Onone";
				SWIFT_VERSION = 5.0;
			};
			name = Debug;
		};
		A88F06819D30FF24BDC20563 /* Release */ = {
			isa = XCBuildConfiguration;
			buildSettings = {
				ALWAYS_SEARCH_USER_PATHS = NO;
				CLANG_ANALYZER_NONNULL = YES;
				CLANG_ANALYZER_NUMBER_OBJECT_CONVERSION = YES_AGGRESSIVE;
				CLANG_CXX_LANGUAGE_STANDARD = "gnu++14";
				CLANG_CXX_LIBRARY = "libc++";
				CLANG_ENABLE_MODULES = YES;
				CLANG_ENABLE_OBJC_ARC = YES;
				CLANG_ENABLE_OBJC_WEAK = YES;
				CLANG_WARN_BLOCK_CAPTURE_AUTORELEASING = YES;
				CLANG_WARN_BOOL_CONVERSION = YES;
				CLANG_WARN_COMMA = YES;
				CLANG_WARN_CONSTANT_CONVERSION = YES;
				CLANG_WARN_DEPRECATED_OBJC_IMPLEMENTATIONS = YES;
				CLANG_WARN_DIRECT_OBJC_ISA_USAGE = YES_ERROR;
				CLANG_WARN_DOCUMENTATION_COMMENTS = YES;
				CLANG_WARN_EMPTY_BODY = YES;
				CLANG_WARN_ENUM_CONVERSION = YES;
				CLANG_WARN_INFINITE_RECURSION = YES;
				CLANG_WARN_INT_CONVERSION = YES;
				CLANG_WARN_NON_LITERAL_NULL_CONVERSION = YES;
				CLANG_WARN_OBJC_IMPLICIT_RETAIN_SELF = YES;
				CLANG_WARN_OBJC_LITERAL_CONVERSION = YES;
				CLANG_WARN_OBJC_ROOT_CLASS = YES_ERROR;
				CLANG_WARN_QUOTED_INCLUDE_IN_FRAMEWORK_HEADER = YES;
				CLANG_WARN_RANGE_LOOP_ANALYSIS = YES;
				CLANG_WARN_STRICT_PROTOTYPES = YES;
				CLANG_WARN_SUSPICIOUS_MOVE = YES;
				CLANG_WARN_UNGUARDED_AVAILABILITY = YES_AGGRESSIVE;
				CLANG_WARN_UNREACHABLE_CODE = YES;
				CLANG_WARN__DUPLICATE_METHOD_MATCH = YES;
				COPY_PHASE_STRIP = NO;
				DEBUG_INFORMATION_FORMAT = "dwarf-with-dsym";
				ENABLE_NS_ASSERTIONS = NO;
				ENABLE_STRICT_OBJC_MSGSEND = YES;
				GCC_C_LANGUAGE_STANDARD = gnu11;
				GCC_NO_COMMON_BLOCKS = YES;
				GCC_WARN_64_TO_32_BIT_CONVERSION = YES;
				GCC_WARN_ABOUT_RETURN_TYPE = YES_ERROR;
				GCC_WARN_UNDECLARED_SELECTOR = YES;
				GCC_WARN_UNINITIALIZED_AUTOS = YES_AGGRESSIVE;
				GCC_WARN_UNUSED_FUNCTION = YES;
				GCC_WARN_UNUSED_VARIABLE = YES;
				MTL_ENABLE_DEBUG_INFO = NO;
				MTL_FAST_MATH = YES;
				PRODUCT_NAME = "$(TARGET_NAME)";
				SWIFT_OPTIMIZATION_LEVEL = "-Owholemodule";
				SWIFT_VERSION = 5.0;
			};
			name = Release;
		};
		FF4624008674048DDA7DEBCB /* Debug */ = {
			isa = XCBuildConfiguration;
			buildSettings = {
				ASSETCATALOG_COMPILER_APPICON_NAME = AppIcon;
				ASSETCATALOG_COMPILER_GLOBAL_ACCENT_COLOR_NAME = AccentColor;
				CLANG_ENABLE_OBJC_WEAK = NO;
				CODE_SIGN_ENTITLEMENTS = TemplateApp/TemplateApp.entitlements;
				CODE_SIGN_STYLE = Automatic;
				DEVELOPMENT_TEAM = MH94CAVYWW;
				INFOPLIST_FILE = TemplateApp/TemplateApp/Info.plist;
				IPHONEOS_DEPLOYMENT_TARGET = 17.0;
				LD_RUNPATH_SEARCH_PATHS = "$(inherited) @executable_path/Frameworks";
				PRODUCT_BUNDLE_IDENTIFIER = com.learnandbecurious.template;
				SDKROOT = iphoneos;
				SWIFT_VERSION = 5.9;
				TARGETED_DEVICE_FAMILY = "1,2";
			};
			name = Debug;
		};
/* End XCBuildConfiguration section */

/* Begin XCConfigurationList section */
		79B169EC4AD86DF483BA8457 /* Build configuration list for PBXProject "TemplateApp" */ = {
			isa = XCConfigurationList;
			buildConfigurations = (
				6A0E16C5535113A543AC4250 /* Debug */,
				A88F06819D30FF24BDC20563 /* Release */,
			);
			defaultConfigurationIsVisible = 0;
			defaultConfigurationName = Release;
		};
		94B4742ADEE860BD7F754C15 /* Build configuration list for PBXNativeTarget "TemplateApp" */ = {
			isa = XCConfigurationList;
			buildConfigurations = (
				5C475566B1273A519E23762B /* Release */,
				FF4624008674048DDA7DEBCB /* Debug */,
			);
			defaultConfigurationIsVisible = 0;
			defaultConfigurationName = Release;
		};
/* End XCConfigurationList section */
	};
	rootObject = 28951A5023B4BCB7F542A624 /* Project object */;
}
